// !$*UTF8*$!
{
	archiveVersion = 1;
	classes = {
	};
	objectVersion = 50;
	objects = {

/* Begin PBXBuildFile section */
		18A7FDD424897007008D40AE /* AppDelegate.swift in Sources */ = {isa = PBXBuildFile; fileRef = 18A7FDD324897007008D40AE /* AppDelegate.swift */; };
		18A7FDD624897007008D40AE /* SceneDelegate.swift in Sources */ = {isa = PBXBuildFile; fileRef = 18A7FDD524897007008D40AE /* SceneDelegate.swift */; };
		18A7FDD924897007008D40AE /* BullsEye.xcdatamodeld in Sources */ = {isa = PBXBuildFile; fileRef = 18A7FDD724897007008D40AE /* BullsEye.xcdatamodeld */; };
		18A7FDDB24897007008D40AE /* ContentView.swift in Sources */ = {isa = PBXBuildFile; fileRef = 18A7FDDA24897007008D40AE /* ContentView.swift */; };
		18A7FDDD2489700A008D40AE /* Assets.xcassets in Resources */ = {isa = PBXBuildFile; fileRef = 18A7FDDC2489700A008D40AE /* Assets.xcassets */; };
		18A7FDE02489700A008D40AE /* Preview Assets.xcassets in Resources */ = {isa = PBXBuildFile; fileRef = 18A7FDDF2489700A008D40AE /* Preview Assets.xcassets */; };
		18A7FDE32489700A008D40AE /* LaunchScreen.storyboard in Resources */ = {isa = PBXBuildFile; fileRef = 18A7FDE12489700A008D40AE /* LaunchScreen.storyboard */; };
		18A7FDEE2489700A008D40AE /* BullsEyeTests.swift in Sources */ = {isa = PBXBuildFile; fileRef = 18A7FDED2489700A008D40AE /* BullsEyeTests.swift */; };
		18A7FDF92489700A008D40AE /* BullsEyeUITests.swift in Sources */ = {isa = PBXBuildFile; fileRef = 18A7FDF82489700A008D40AE /* BullsEyeUITests.swift */; };
/* End PBXBuildFile section */

/* Begin PBXContainerItemProxy section */
		18A7FDEA2489700A008D40AE /* PBXContainerItemProxy */ = {
			isa = PBXContainerItemProxy;
			containerPortal = 18A7FDC824897007008D40AE /* Project object */;
			proxyType = 1;
			remoteGlobalIDString = 18A7FDCF24897007008D40AE;
			remoteInfo = BullsEye;
		};
		18A7FDF52489700A008D40AE /* PBXContainerItemProxy */ = {
			isa = PBXContainerItemProxy;
			containerPortal = 18A7FDC824897007008D40AE /* Project object */;
			proxyType = 1;
			remoteGlobalIDString = 18A7FDCF24897007008D40AE;
			remoteInfo = BullsEye;
		};
/* End PBXContainerItemProxy section */

/* Begin PBXFileReference section */
		18A7FDD024897007008D40AE /* BullsEye.app */ = {isa = PBXFileReference; explicitFileType = wrapper.application; includeInIndex = 0; path = BullsEye.app; sourceTree = BUILT_PRODUCTS_DIR; };
		18A7FDD324897007008D40AE /* AppDelegate.swift */ = {isa = PBXFileReference; lastKnownFileType = sourcecode.swift; path = AppDelegate.swift; sourceTree = "<group>"; };
		18A7FDD524897007008D40AE /* SceneDelegate.swift */ = {isa = PBXFileReference; lastKnownFileType = sourcecode.swift; path = SceneDelegate.swift; sourceTree = "<group>"; };
		18A7FDD824897007008D40AE /* BullsEye.xcdatamodel */ = {isa = PBXFileReference; lastKnownFileType = wrapper.xcdatamodel; path = BullsEye.xcdatamodel; sourceTree = "<group>"; };
		18A7FDDA24897007008D40AE /* ContentView.swift */ = {isa = PBXFileReference; lastKnownFileType = sourcecode.swift; path = ContentView.swift; sourceTree = "<group>"; };
		18A7FDDC2489700A008D40AE /* Assets.xcassets */ = {isa = PBXFileReference; lastKnownFileType = folder.assetcatalog; path = Assets.xcassets; sourceTree = "<group>"; };
		18A7FDDF2489700A008D40AE /* Preview Assets.xcassets */ = {isa = PBXFileReference; lastKnownFileType = folder.assetcatalog; path = "Preview Assets.xcassets"; sourceTree = "<group>"; };
		18A7FDE22489700A008D40AE /* Base */ = {isa = PBXFileReference; lastKnownFileType = file.storyboard; name = Base; path = Base.lproj/LaunchScreen.storyboard; sourceTree = "<group>"; };
		18A7FDE42489700A008D40AE /* Info.plist */ = {isa = PBXFileReference; lastKnownFileType = text.plist.xml; path = Info.plist; sourceTree = "<group>"; };
		18A7FDE92489700A008D40AE /* BullsEyeTests.xctest */ = {isa = PBXFileReference; explicitFileType = wrapper.cfbundle; includeInIndex = 0; path = BullsEyeTests.xctest; sourceTree = BUILT_PRODUCTS_DIR; };
		18A7FDED2489700A008D40AE /* BullsEyeTests.swift */ = {isa = PBXFileReference; lastKnownFileType = sourcecode.swift; path = BullsEyeTests.swift; sourceTree = "<group>"; };
		18A7FDEF2489700A008D40AE /* Info.plist */ = {isa = PBXFileReference; lastKnownFileType = text.plist.xml; path = Info.plist; sourceTree = "<group>"; };
		18A7FDF42489700A008D40AE /* BullsEyeUITests.xctest */ = {isa = PBXFileReference; explicitFileType = wrapper.cfbundle; includeInIndex = 0; path = BullsEyeUITests.xctest; sourceTree = BUILT_PRODUCTS_DIR; };
		18A7FDF82489700A008D40AE /* BullsEyeUITests.swift */ = {isa = PBXFileReference; lastKnownFileType = sourcecode.swift; path = BullsEyeUITests.swift; sourceTree = "<group>"; };
		18A7FDFA2489700A008D40AE /* Info.plist */ = {isa = PBXFileReference; lastKnownFileType = text.plist.xml; path = Info.plist; sourceTree = "<group>"; };
/* End PBXFileReference section */

/* Begin PBXFrameworksBuildPhase section */
		18A7FDCD24897007008D40AE /* Frameworks */ = {
			isa = PBXFrameworksBuildPhase;
			buildActionMask = 2147483647;
			files = (
			);
			runOnlyForDeploymentPostprocessing = 0;
		};
		18A7FDE62489700A008D40AE /* Frameworks */ = {
			isa = PBXFrameworksBuildPhase;
			buildActionMask = 2147483647;
			files = (
			);
			runOnlyForDeploymentPostprocessing = 0;
		};
		18A7FDF12489700A008D40AE /* Frameworks */ = {
			isa = PBXFrameworksBuildPhase;
			buildActionMask = 2147483647;
			files = (
			);
			runOnlyForDeploymentPostprocessing = 0;
		};
/* End PBXFrameworksBuildPhase section */

/* Begin PBXGroup section */
		18A7FDC724897007008D40AE = {
			isa = PBXGroup;
			children = (
				18A7FDD224897007008D40AE /* BullsEye */,
				18A7FDEC2489700A008D40AE /* BullsEyeTests */,
				18A7FDF72489700A008D40AE /* BullsEyeUITests */,
				18A7FDD124897007008D40AE /* Products */,
			);
			sourceTree = "<group>";
		};
		18A7FDD124897007008D40AE /* Products */ = {
			isa = PBXGroup;
			children = (
				18A7FDD024897007008D40AE /* BullsEye.app */,
				18A7FDE92489700A008D40AE /* BullsEyeTests.xctest */,
				18A7FDF42489700A008D40AE /* BullsEyeUITests.xctest */,
			);
			name = Products;
			sourceTree = "<group>";
		};
		18A7FDD224897007008D40AE /* BullsEye */ = {
			isa = PBXGroup;
			children = (
				18A7FDD324897007008D40AE /* AppDelegate.swift */,
				18A7FDD524897007008D40AE /* SceneDelegate.swift */,
				18A7FDDA24897007008D40AE /* ContentView.swift */,
				18A7FDDC2489700A008D40AE /* Assets.xcassets */,
				18A7FDE12489700A008D40AE /* LaunchScreen.storyboard */,
				18A7FDE42489700A008D40AE /* Info.plist */,
				18A7FDD724897007008D40AE /* BullsEye.xcdatamodeld */,
				18A7FDDE2489700A008D40AE /* Preview Content */,
			);
			path = BullsEye;
			sourceTree = "<group>";
		};
		18A7FDDE2489700A008D40AE /* Preview Content */ = {
			isa = PBXGroup;
			children = (
				18A7FDDF2489700A008D40AE /* Preview Assets.xcassets */,
			);
			path = "Preview Content";
			sourceTree = "<group>";
		};
		18A7FDEC2489700A008D40AE /* BullsEyeTests */ = {
			isa = PBXGroup;
			children = (
				18A7FDED2489700A008D40AE /* BullsEyeTests.swift */,
				18A7FDEF2489700A008D40AE /* Info.plist */,
			);
			path = BullsEyeTests;
			sourceTree = "<group>";
		};
		18A7FDF72489700A008D40AE /* BullsEyeUITests */ = {
			isa = PBXGroup;
			children = (
				18A7FDF82489700A008D40AE /* BullsEyeUITests.swift */,
				18A7FDFA2489700A008D40AE /* Info.plist */,
			);
			path = BullsEyeUITests;
			sourceTree = "<group>";
		};
/* End PBXGroup section */

/* Begin PBXNativeTarget section */
		18A7FDCF24897007008D40AE /* BullsEye */ = {
			isa = PBXNativeTarget;
			buildConfigurationList = 18A7FDFD2489700A008D40AE /* Build configuration list for PBXNativeTarget "BullsEye" */;
			buildPhases = (
				18A7FDCC24897007008D40AE /* Sources */,
				18A7FDCD24897007008D40AE /* Frameworks */,
				18A7FDCE24897007008D40AE /* Resources */,
			);
			buildRules = (
			);
			dependencies = (
			);
			name = BullsEye;
			productName = BullsEye;
			productReference = 18A7FDD024897007008D40AE /* BullsEye.app */;
			productType = "com.apple.product-type.application";
		};
		18A7FDE82489700A008D40AE /* BullsEyeTests */ = {
			isa = PBXNativeTarget;
			buildConfigurationList = 18A7FE002489700A008D40AE /* Build configuration list for PBXNativeTarget "BullsEyeTests" */;
			buildPhases = (
				18A7FDE52489700A008D40AE /* Sources */,
				18A7FDE62489700A008D40AE /* Frameworks */,
				18A7FDE72489700A008D40AE /* Resources */,
			);
			buildRules = (
			);
			dependencies = (
				18A7FDEB2489700A008D40AE /* PBXTargetDependency */,
			);
			name = BullsEyeTests;
			productName = BullsEyeTests;
			productReference = 18A7FDE92489700A008D40AE /* BullsEyeTests.xctest */;
			productType = "com.apple.product-type.bundle.unit-test";
		};
		18A7FDF32489700A008D40AE /* BullsEyeUITests */ = {
			isa = PBXNativeTarget;
			buildConfigurationList = 18A7FE032489700A008D40AE /* Build configuration list for PBXNativeTarget "BullsEyeUITests" */;
			buildPhases = (
				18A7FDF02489700A008D40AE /* Sources */,
				18A7FDF12489700A008D40AE /* Frameworks */,
				18A7FDF22489700A008D40AE /* Resources */,
			);
			buildRules = (
			);
			dependencies = (
				18A7FDF62489700A008D40AE /* PBXTargetDependency */,
			);
			name = BullsEyeUITests;
			productName = BullsEyeUITests;
			productReference = 18A7FDF42489700A008D40AE /* BullsEyeUITests.xctest */;
			productType = "com.apple.product-type.bundle.ui-testing";
		};
/* End PBXNativeTarget section */

/* Begin PBXProject section */
		18A7FDC824897007008D40AE /* Project object */ = {
			isa = PBXProject;
			attributes = {
				LastSwiftUpdateCheck = 1150;
				LastUpgradeCheck = 1150;
				ORGANIZATIONNAME = Techelopers;
				TargetAttributes = {
					18A7FDCF24897007008D40AE = {
						CreatedOnToolsVersion = 11.5;
					};
					18A7FDE82489700A008D40AE = {
						CreatedOnToolsVersion = 11.5;
						TestTargetID = 18A7FDCF24897007008D40AE;
					};
					18A7FDF32489700A008D40AE = {
						CreatedOnToolsVersion = 11.5;
						TestTargetID = 18A7FDCF24897007008D40AE;
					};
				};
			};
			buildConfigurationList = 18A7FDCB24897007008D40AE /* Build configuration list for PBXProject "BullsEye" */;
			compatibilityVersion = "Xcode 9.3";
			developmentRegion = en;
			hasScannedForEncodings = 0;
			knownRegions = (
				en,
				Base,
			);
			mainGroup = 18A7FDC724897007008D40AE;
			productRefGroup = 18A7FDD124897007008D40AE /* Products */;
			projectDirPath = "";
			projectRoot = "";
			targets = (
				18A7FDCF24897007008D40AE /* BullsEye */,
				18A7FDE82489700A008D40AE /* BullsEyeTests */,
				18A7FDF32489700A008D40AE /* BullsEyeUITests */,
			);
		};
/* End PBXProject section */

/* Begin PBXResourcesBuildPhase section */
		18A7FDCE24897007008D40AE /* Resources */ = {
			isa = PBXResourcesBuildPhase;
			buildActionMask = 2147483647;
			files = (
				18A7FDE32489700A008D40AE /* LaunchScreen.storyboard in Resources */,
				18A7FDE02489700A008D40AE /* Preview Assets.xcassets in Resources */,
				18A7FDDD2489700A008D40AE /* Assets.xcassets in Resources */,
			);
			runOnlyForDeploymentPostprocessing = 0;
		};
		18A7FDE72489700A008D40AE /* Resources */ = {
			isa = PBXResourcesBuildPhase;
			buildActionMask = 2147483647;
			files = (
			);
			runOnlyForDeploymentPostprocessing = 0;
		};
		18A7FDF22489700A008D40AE /* Resources */ = {
			isa = PBXResourcesBuildPhase;
			buildActionMask = 2147483647;
			files = (
			);
			runOnlyForDeploymentPostprocessing = 0;
		};
/* End PBXResourcesBuildPhase section */

/* Begin PBXSourcesBuildPhase section */
		18A7FDCC24897007008D40AE /* Sources */ = {
			isa = PBXSourcesBuildPhase;
			buildActionMask = 2147483647;
			files = (
				18A7FDD924897007008D40AE /* BullsEye.xcdatamodeld in Sources */,
				18A7FDD424897007008D40AE /* AppDelegate.swift in Sources */,
				18A7FDDB24897007008D40AE /* ContentView.swift in Sources */,
				18A7FDD624897007008D40AE /* SceneDelegate.swift in Sources */,
			);
			runOnlyForDeploymentPostprocessing = 0;
		};
		18A7FDE52489700A008D40AE /* Sources */ = {
			isa = PBXSourcesBuildPhase;
			buildActionMask = 2147483647;
			files = (
				18A7FDEE2489700A008D40AE /* BullsEyeTests.swift in Sources */,
			);
			runOnlyForDeploymentPostprocessing = 0;
		};
		18A7FDF02489700A008D40AE /* Sources */ = {
			isa = PBXSourcesBuildPhase;
			buildActionMask = 2147483647;
			files = (
				18A7FDF92489700A008D40AE /* BullsEyeUITests.swift in Sources */,
			);
			runOnlyForDeploymentPostprocessing = 0;
		};
/* End PBXSourcesBuildPhase section */

/* Begin PBXTargetDependency section */
		18A7FDEB2489700A008D40AE /* PBXTargetDependency */ = {
			isa = PBXTargetDependency;
			target = 18A7FDCF24897007008D40AE /* BullsEye */;
			targetProxy = 18A7FDEA2489700A008D40AE /* PBXContainerItemProxy */;
		};
		18A7FDF62489700A008D40AE /* PBXTargetDependency */ = {
			isa = PBXTargetDependency;
			target = 18A7FDCF24897007008D40AE /* BullsEye */;
			targetProxy = 18A7FDF52489700A008D40AE /* PBXContainerItemProxy */;
		};
/* End PBXTargetDependency section */

/* Begin PBXVariantGroup section */
		18A7FDE12489700A008D40AE /* LaunchScreen.storyboard */ = {
			isa = PBXVariantGroup;
			children = (
				18A7FDE22489700A008D40AE /* Base */,
			);
			name = LaunchScreen.storyboard;
			sourceTree = "<group>";
		};
/* End PBXVariantGroup section */

/* Begin XCBuildConfiguration section */
		18A7FDFB2489700A008D40AE /* Debug */ = {
			isa = XCBuildConfiguration;
			buildSettings = {
				ALWAYS_SEARCH_USER_PATHS = NO;
				CLANG_ANALYZER_NONNULL = YES;
				CLANG_ANALYZER_NUMBER_OBJECT_CONVERSION = YES_AGGRESSIVE;
				CLANG_CXX_LANGUAGE_STANDARD = "gnu++14";
				CLANG_CXX_LIBRARY = "libc++";
				CLANG_ENABLE_MODULES = YES;
				CLANG_ENABLE_OBJC_ARC = YES;
				CLANG_ENABLE_OBJC_WEAK = YES;
				CLANG_WARN_BLOCK_CAPTURE_AUTORELEASING = YES;
				CLANG_WARN_BOOL_CONVERSION = YES;
				CLANG_WARN_COMMA = YES;
				CLANG_WARN_CONSTANT_CONVERSION = YES;
				CLANG_WARN_DEPRECATED_OBJC_IMPLEMENTATIONS = YES;
				CLANG_WARN_DIRECT_OBJC_ISA_USAGE = YES_ERROR;
				CLANG_WARN_DOCUMENTATION_COMMENTS = YES;
				CLANG_WARN_EMPTY_BODY = YES;
				CLANG_WARN_ENUM_CONVERSION = YES;
				CLANG_WARN_INFINITE_RECURSION = YES;
				CLANG_WARN_INT_CONVERSION = YES;
				CLANG_WARN_NON_LITERAL_NULL_CONVERSION = YES;
				CLANG_WARN_OBJC_IMPLICIT_RETAIN_SELF = YES;
				CLANG_WARN_OBJC_LITERAL_CONVERSION = YES;
				CLANG_WARN_OBJC_ROOT_CLASS = YES_ERROR;
				CLANG_WARN_RANGE_LOOP_ANALYSIS = YES;
				CLANG_WARN_STRICT_PROTOTYPES = YES;
				CLANG_WARN_SUSPICIOUS_MOVE = YES;
				CLANG_WARN_UNGUARDED_AVAILABILITY = YES_AGGRESSIVE;
				CLANG_WARN_UNREACHABLE_CODE = YES;
				CLANG_WARN__DUPLICATE_METHOD_MATCH = YES;
				COPY_PHASE_STRIP = NO;
				DEBUG_INFORMATION_FORMAT = dwarf;
				ENABLE_STRICT_OBJC_MSGSEND = YES;
				ENABLE_TESTABILITY = YES;
				GCC_C_LANGUAGE_STANDARD = gnu11;
				GCC_DYNAMIC_NO_PIC = NO;
				GCC_NO_COMMON_BLOCKS = YES;
				GCC_OPTIMIZATION_LEVEL = 0;
				GCC_PREPROCESSOR_DEFINITIONS = (
					"DEBUG=1",
					"$(inherited)",
				);
				GCC_WARN_64_TO_32_BIT_CONVERSION = YES;
				GCC_WARN_ABOUT_RETURN_TYPE = YES_ERROR;
				GCC_WARN_UNDECLARED_SELECTOR = YES;
				GCC_WARN_UNINITIALIZED_AUTOS = YES_AGGRESSIVE;
				GCC_WARN_UNUSED_FUNCTION = YES;
				GCC_WARN_UNUSED_VARIABLE = YES;
				IPHONEOS_DEPLOYMENT_TARGET = 13.5;
				MTL_ENABLE_DEBUG_INFO = INCLUDE_SOURCE;
				MTL_FAST_MATH = YES;
				ONLY_ACTIVE_ARCH = YES;
				SDKROOT = iphoneos;
				SWIFT_ACTIVE_COMPILATION_CONDITIONS = DEBUG;
				SWIFT_OPTIMIZATION_LEVEL = "-Onone";
			};
			name = Debug;
		};
		18A7FDFC2489700A008D40AE /* Release */ = {
			isa = XCBuildConfiguration;
			buildSettings = {
				ALWAYS_SEARCH_USER_PATHS = NO;
				CLANG_ANALYZER_NONNULL = YES;
				CLANG_ANALYZER_NUMBER_OBJECT_CONVERSION = YES_AGGRESSIVE;
				CLANG_CXX_LANGUAGE_STANDARD = "gnu++14";
				CLANG_CXX_LIBRARY = "libc++";
				CLANG_ENABLE_MODULES = YES;
				CLANG_ENABLE_OBJC_ARC = YES;
				CLANG_ENABLE_OBJC_WEAK = YES;
				CLANG_WARN_BLOCK_CAPTURE_AUTORELEASING = YES;
				CLANG_WARN_BOOL_CONVERSION = YES;
				CLANG_WARN_COMMA = YES;
				CLANG_WARN_CONSTANT_CONVERSION = YES;
				CLANG_WARN_DEPRECATED_OBJC_IMPLEMENTATIONS = YES;
				CLANG_WARN_DIRECT_OBJC_ISA_USAGE = YES_ERROR;
				CLANG_WARN_DOCUMENTATION_COMMENTS = YES;
				CLANG_WARN_EMPTY_BODY = YES;
				CLANG_WARN_ENUM_CONVERSION = YES;
				CLANG_WARN_INFINITE_RECURSION = YES;
				CLANG_WARN_INT_CONVERSION = YES;
				CLANG_WARN_NON_LITERAL_NULL_CONVERSION = YES;
				CLANG_WARN_OBJC_IMPLICIT_RETAIN_SELF = YES;
				CLANG_WARN_OBJC_LITERAL_CONVERSION = YES;
				CLANG_WARN_OBJC_ROOT_CLASS = YES_ERROR;
				CLANG_WARN_RANGE_LOOP_ANALYSIS = YES;
				CLANG_WARN_STRICT_PROTOTYPES = YES;
				CLANG_WARN_SUSPICIOUS_MOVE = YES;
				CLANG_WARN_UNGUARDED_AVAILABILITY = YES_AGGRESSIVE;
				CLANG_WARN_UNREACHABLE_CODE = YES;
				CLANG_WARN__DUPLICATE_METHOD_MATCH = YES;
				COPY_PHASE_STRIP = NO;
				DEBUG_INFORMATION_FORMAT = "dwarf-with-dsym";
				ENABLE_NS_ASSERTIONS = NO;
				ENABLE_STRICT_OBJC_MSGSEND = YES;
				GCC_C_LANGUAGE_STANDARD = gnu11;
				GCC_NO_COMMON_BLOCKS = YES;
				GCC_WARN_64_TO_32_BIT_CONVERSION = YES;
				GCC_WARN_ABOUT_RETURN_TYPE = YES_ERROR;
				GCC_WARN_UNDECLARED_SELECTOR = YES;
				GCC_WARN_UNINITIALIZED_AUTOS = YES_AGGRESSIVE;
				GCC_WARN_UNUSED_FUNCTION = YES;
				GCC_WARN_UNUSED_VARIABLE = YES;
				IPHONEOS_DEPLOYMENT_TARGET = 13.5;
				MTL_ENABLE_DEBUG_INFO = NO;
				MTL_FAST_MATH = YES;
				SDKROOT = iphoneos;
				SWIFT_COMPILATION_MODE = wholemodule;
				SWIFT_OPTIMIZATION_LEVEL = "-O";
				VALIDATE_PRODUCT = YES;
			};
			name = Release;
		};
		18A7FDFE2489700A008D40AE /* Debug */ = {
			isa = XCBuildConfiguration;
			buildSettings = {
				ASSETCATALOG_COMPILER_APPICON_NAME = AppIcon;
				CODE_SIGN_STYLE = Automatic;
				DEVELOPMENT_ASSET_PATHS = "\"BullsEye/Preview Content\"";
				DEVELOPMENT_TEAM = 268W7E23V8;
				ENABLE_PREVIEWS = YES;
				INFOPLIST_FILE = BullsEye/Info.plist;
				LD_RUNPATH_SEARCH_PATHS = (
					"$(inherited)",
					"@executable_path/Frameworks",
				);
				PRODUCT_BUNDLE_IDENTIFIER = com.Techelopers.BullsEye;
				PRODUCT_NAME = "$(TARGET_NAME)";
				SWIFT_VERSION = 5.0;
				TARGETED_DEVICE_FAMILY = "1,2";
			};
			name = Debug;
		};
		18A7FDFF2489700A008D40AE /* Release */ = {
			isa = XCBuildConfiguration;
			buildSettings = {
				ASSETCATALOG_COMPILER_APPICON_NAME = AppIcon;
				CODE_SIGN_STYLE = Automatic;
				DEVELOPMENT_ASSET_PATHS = "\"BullsEye/Preview Content\"";
				DEVELOPMENT_TEAM = 268W7E23V8;
				ENABLE_PREVIEWS = YES;
				INFOPLIST_FILE = BullsEye/Info.plist;
				LD_RUNPATH_SEARCH_PATHS = (
					"$(inherited)",
					"@executable_path/Frameworks",
				);
				PRODUCT_BUNDLE_IDENTIFIER = com.Techelopers.BullsEye;
				PRODUCT_NAME = "$(TARGET_NAME)";
				SWIFT_VERSION = 5.0;
				TARGETED_DEVICE_FAMILY = "1,2";
			};
			name = Release;
		};
		18A7FE012489700A008D40AE /* Debug */ = {
			isa = XCBuildConfiguration;
			buildSettings = {
				ALWAYS_EMBED_SWIFT_STANDARD_LIBRARIES = YES;
				BUNDLE_LOADER = "$(TEST_HOST)";
				CODE_SIGN_STYLE = Automatic;
				DEVELOPMENT_TEAM = 268W7E23V8;
				INFOPLIST_FILE = BullsEyeTests/Info.plist;
				IPHONEOS_DEPLOYMENT_TARGET = 13.5;
				LD_RUNPATH_SEARCH_PATHS = (
					"$(inherited)",
					"@executable_path/Frameworks",
					"@loader_path/Frameworks",
				);
				PRODUCT_BUNDLE_IDENTIFIER = com.Techelopers.BullsEyeTests;
				PRODUCT_NAME = "$(TARGET_NAME)";
				SWIFT_VERSION = 5.0;
				TARGETED_DEVICE_FAMILY = "1,2";
				TEST_HOST = "$(BUILT_PRODUCTS_DIR)/BullsEye.app/BullsEye";
			};
			name = Debug;
		};
		18A7FE022489700A008D40AE /* Release */ = {
			isa = XCBuildConfiguration;
			buildSettings = {
				ALWAYS_EMBED_SWIFT_STANDARD_LIBRARIES = YES;
				BUNDLE_LOADER = "$(TEST_HOST)";
				CODE_SIGN_STYLE = Automatic;
				DEVELOPMENT_TEAM = 268W7E23V8;
				INFOPLIST_FILE = BullsEyeTests/Info.plist;
				IPHONEOS_DEPLOYMENT_TARGET = 13.5;
				LD_RUNPATH_SEARCH_PATHS = (
					"$(inherited)",
					"@executable_path/Frameworks",
					"@loader_path/Frameworks",
				);
				PRODUCT_BUNDLE_IDENTIFIER = com.Techelopers.BullsEyeTests;
				PRODUCT_NAME = "$(TARGET_NAME)";
				SWIFT_VERSION = 5.0;
				TARGETED_DEVICE_FAMILY = "1,2";
				TEST_HOST = "$(BUILT_PRODUCTS_DIR)/BullsEye.app/BullsEye";
			};
			name = Release;
		};
		18A7FE042489700A008D40AE /* Debug */ = {
			isa = XCBuildConfiguration;
			buildSettings = {
				ALWAYS_EMBED_SWIFT_STANDARD_LIBRARIES = YES;
				CODE_SIGN_STYLE = Automatic;
				DEVELOPMENT_TEAM = 268W7E23V8;
				INFOPLIST_FILE = BullsEyeUITests/Info.plist;
				LD_RUNPATH_SEARCH_PATHS = (
					"$(inherited)",
					"@executable_path/Frameworks",
					"@loader_path/Frameworks",
				);
				PRODUCT_BUNDLE_IDENTIFIER = com.Techelopers.BullsEyeUITests;
				PRODUCT_NAME = "$(TARGET_NAME)";
				SWIFT_VERSION = 5.0;
				TARGETED_DEVICE_FAMILY = "1,2";
				TEST_TARGET_NAME = BullsEye;
			};
			name = Debug;
		};
		18A7FE052489700A008D40AE /* Release */ = {
			isa = XCBuildConfiguration;
			buildSettings = {
				ALWAYS_EMBED_SWIFT_STANDARD_LIBRARIES = YES;
				CODE_SIGN_STYLE = Automatic;
				DEVELOPMENT_TEAM = 268W7E23V8;
				INFOPLIST_FILE = BullsEyeUITests/Info.plist;
				LD_RUNPATH_SEARCH_PATHS = (
					"$(inherited)",
					"@executable_path/Frameworks",
					"@loader_path/Frameworks",
				);
				PRODUCT_BUNDLE_IDENTIFIER = com.Techelopers.BullsEyeUITests;
				PRODUCT_NAME = "$(TARGET_NAME)";
				SWIFT_VERSION = 5.0;
				TARGETED_DEVICE_FAMILY = "1,2";
				TEST_TARGET_NAME = BullsEye;
			};
			name = Release;
		};
/* End XCBuildConfiguration section */

/* Begin XCConfigurationList section */
		18A7FDCB24897007008D40AE /* Build configuration list for PBXProject "BullsEye" */ = {
			isa = XCConfigurationList;
			buildConfigurations = (
				18A7FDFB2489700A008D40AE /* Debug */,
				18A7FDFC2489700A008D40AE /* Release */,
			);
			defaultConfigurationIsVisible = 0;
			defaultConfigurationName = Release;
		};
		18A7FDFD2489700A008D40AE /* Build configuration list for PBXNativeTarget "BullsEye" */ = {
			isa = XCConfigurationList;
			buildConfigurations = (
				18A7FDFE2489700A008D40AE /* Debug */,
				18A7FDFF2489700A008D40AE /* Release */,
			);
			defaultConfigurationIsVisible = 0;
			defaultConfigurationName = Release;
		};
		18A7FE002489700A008D40AE /* Build configuration list for PBXNativeTarget "BullsEyeTests" */ = {
			isa = XCConfigurationList;
			buildConfigurations = (
				18A7FE012489700A008D40AE /* Debug */,
				18A7FE022489700A008D40AE /* Release */,
			);
			defaultConfigurationIsVisible = 0;
			defaultConfigurationName = Release;
		};
		18A7FE032489700A008D40AE /* Build configuration list for PBXNativeTarget "BullsEyeUITests" */ = {
			isa = XCConfigurationList;
			buildConfigurations = (
				18A7FE042489700A008D40AE /* Debug */,
				18A7FE052489700A008D40AE /* Release */,
			);
			defaultConfigurationIsVisible = 0;
			defaultConfigurationName = Release;
		};
/* End XCConfigurationList section */

/* Begin XCVersionGroup section */
		18A7FDD724897007008D40AE /* BullsEye.xcdatamodeld */ = {
			isa = XCVersionGroup;
			children = (
				18A7FDD824897007008D40AE /* BullsEye.xcdatamodel */,
			);
			currentVersion = 18A7FDD824897007008D40AE /* BullsEye.xcdatamodel */;
			path = BullsEye.xcdatamodeld;
			sourceTree = "<group>";
			versionGroupType = wrapper.xcdatamodel;
		};
/* End XCVersionGroup section */
	};
	rootObject = 18A7FDC824897007008D40AE /* Project object */;
}
